<?xml version="1.0" encoding="utf-8"?>
<Project ToolsVersion="4.0" xmlns="http://schemas.microsoft.com/developer/msbuild/2003">
  <ItemGroup>
    <Filter Include="Source Files">
      <UniqueIdentifier>{4FC737F1-C7A5-4376-A066-2A32D752A2FF}</UniqueIdentifier>
      <Extensions>cpp;c;cc;cxx;def;odl;idl;hpj;bat;asm;asmx</Extensions>
    </Filter>
    <Filter Include="Header Files">
      <UniqueIdentifier>{93995380-89BD-4b04-88EB-625FBE52EBFB}</UniqueIdentifier>
      <Extensions>h;hh;hpp;hxx;hm;inl;inc;ipp;xsd</Extensions>
    </Filter>
    <Filter Include="Resource Files">
      <UniqueIdentifier>{67DA6AB6-F800-4c08-8B7A-83BB121AAD01}</UniqueIdentifier>
      <Extensions>rc;ico;cur;bmp;dlg;rc2;rct;bin;rgs;gif;jpg;jpeg;jpe;resx;tiff;tif;png;wav;mfcribbon-ms</Extensions>
    </Filter>
    <Filter Include="Source Files\EngineX">
      <UniqueIdentifier>{6e593c4f-efca-40e2-b213-f1e459d21ac9}</UniqueIdentifier>
    </Filter>
    <Filter Include="Source Files\EngineX\SATCD">
      <UniqueIdentifier>{8ab28bcf-a81a-4d2a-ae40-283e2c8b0ff1}</UniqueIdentifier>
    </Filter>
    <Filter Include="Header Files\Floor1">
      <UniqueIdentifier>{34ecc7fb-1025-440e-97d3-901d0671881b}</UniqueIdentifier>
    </Filter>
    <Filter Include="Source Files\Floor1">
      <UniqueIdentifier>{014b3a80-e631-439b-ba02-07da1ffb63b2}</UniqueIdentifier>
    </Filter>
    <Filter Include="Header Files\Boss1">
      <UniqueIdentifier>{3f9c37ec-e75c-4d33-b965-38752704a818}</UniqueIdentifier>
    </Filter>
    <Filter Include="Source Files\Boss1">
      <UniqueIdentifier>{569ecfc6-4de2-4ff1-9366-8a74addb1c0d}</UniqueIdentifier>
    </Filter>
    <Filter Include="Header Files\EngineX">
      <UniqueIdentifier>{8e0ad878-b3d1-48c7-a077-450d8b8c903b}</UniqueIdentifier>
    </Filter>
    <Filter Include="Header Files\EngineX\SATCD">
      <UniqueIdentifier>{6daaef31-9c0f-4928-8ed2-61d41e6d7234}</UniqueIdentifier>
    </Filter>
    <Filter Include="Header Files\Boss3">
      <UniqueIdentifier>{063f2017-0a1b-40c0-b743-fbf80bb599f4}</UniqueIdentifier>
    </Filter>
    <Filter Include="Source Files\Boss3">
      <UniqueIdentifier>{8c689140-cc52-4f92-b1b0-e7f78dfef302}</UniqueIdentifier>
    </Filter>
  </ItemGroup>
  <ItemGroup>
    <ClInclude Include="pch.h">
      <Filter>Header Files</Filter>
    </ClInclude>
    <ClInclude Include="EngineX\AniSprite.h">
      <Filter>Header Files\EngineX</Filter>
    </ClInclude>
    <ClInclude Include="EngineX\Engine.h">
      <Filter>Header Files\EngineX</Filter>
    </ClInclude>
    <ClInclude Include="EngineX\Scene.h">
      <Filter>Header Files\EngineX</Filter>
    </ClInclude>
    <ClInclude Include="EngineX\Utility.h">
      <Filter>Header Files\EngineX</Filter>
    </ClInclude>
    <ClInclude Include="EngineX\eClock.h">
      <Filter>Header Files\EngineX</Filter>
    </ClInclude>
    <ClInclude Include="MainChar.h">
      <Filter>Header Files</Filter>
    </ClInclude>
    <ClInclude Include="EngineX\Point.h">
      <Filter>Header Files\EngineX\SATCD</Filter>
    </ClInclude>
    <ClInclude Include="EngineX\Polygon.h">
      <Filter>Header Files\EngineX\SATCD</Filter>
    </ClInclude>
    <ClInclude Include="Floor1.h">
      <Filter>Header Files\Floor1</Filter>
    </ClInclude>
    <ClInclude Include="Door.h">
      <Filter>Header Files\Floor1</Filter>
    </ClInclude>
    <ClInclude Include="Coin.h">
      <Filter>Header Files\Floor1</Filter>
    </ClInclude>
    <ClInclude Include="Balcony.h">
      <Filter>Header Files\Floor1</Filter>
    </ClInclude>
    <ClInclude Include="Boss1.h">
      <Filter>Header Files\Boss1</Filter>
    </ClInclude>
    <ClInclude Include="Boss3.h">
      <Filter>Header Files\Boss3</Filter>
    </ClInclude>
    <ClInclude Include="Array2d.h">
      <Filter>Header Files\Boss3</Filter>
    </ClInclude>
    <ClInclude Include="Grid.h">
      <Filter>Header Files\Boss3</Filter>
    </ClInclude>
  </ItemGroup>
  <ItemGroup>
    <ClCompile Include="pch.cpp">
      <Filter>Source Files</Filter>
    </ClCompile>
    <ClCompile Include="main.cpp">
      <Filter>Source Files</Filter>
    </ClCompile>
    <ClCompile Include="EngineX\AniSprite.cpp">
      <Filter>Source Files\EngineX</Filter>
    </ClCompile>
    <ClCompile Include="EngineX\Engine.cpp">
      <Filter>Source Files\EngineX</Filter>
    </ClCompile>
    <ClCompile Include="MainChar.cpp">
      <Filter>Source Files</Filter>
    </ClCompile>
    <ClCompile Include="EngineX\Polygon.cpp">
      <Filter>Source Files\EngineX\SATCD</Filter>
    </ClCompile>
    <ClCompile Include="Balcony.cpp">
      <Filter>Source Files\Floor1</Filter>
    </ClCompile>
    <ClCompile Include="Coin.cpp">
      <Filter>Source Files\Floor1</Filter>
    </ClCompile>
    <ClCompile Include="Door.cpp">
      <Filter>Source Files\Floor1</Filter>
    </ClCompile>
    <ClCompile Include="Floor1.cpp">
      <Filter>Source Files\Floor1</Filter>
    </ClCompile>
    <ClCompile Include="Boss1.cpp">
      <Filter>Source Files\Boss1</Filter>
    </ClCompile>
    <ClCompile Include="Boss3.cpp">
      <Filter>Source Files\Boss3</Filter>
    </ClCompile>
    <ClCompile Include="Array2d.cpp">
      <Filter>Source Files\Boss3</Filter>
    </ClCompile>
    <ClCompile Include="Grid.cpp">
      <Filter>Source Files\Boss3</Filter>
    </ClCompile>
  </ItemGroup>
  <ItemGroup>
    <Image Include="res\coin_gold.png">
      <Filter>Resource Files</Filter>
    </Image>
    <Image Include="res\door.png">
      <Filter>Resource Files</Filter>
    </Image>
    <Image Include="res\door_skewed.png">
      <Filter>Resource Files</Filter>
    </Image>
    <Image Include="res\exitDim.png">
      <Filter>Resource Files</Filter>
    </Image>
    <Image Include="res\exitLit.png">
      <Filter>Resource Files</Filter>
    </Image>
    <Image Include="res\floor1_back.png">
      <Filter>Resource Files</Filter>
    </Image>
    <Image Include="res\floor1_back_2.png">
      <Filter>Resource Files</Filter>
    </Image>
    <Image Include="res\fuseClosed.png">
      <Filter>Resource Files</Filter>
    </Image>
    <Image Include="res\fuseOpened.png">
      <Filter>Resource Files</Filter>
    </Image>
    <Image Include="res\heart_empty.png">
      <Filter>Resource Files</Filter>
    </Image>
    <Image Include="res\heart_full.png">
      <Filter>Resource Files</Filter>
    </Image>
    <Image Include="res\heart_half.png">
      <Filter>Resource Files</Filter>
    </Image>
    <Image Include="res\running_1.png">
      <Filter>Resource Files</Filter>
    </Image>
  </ItemGroup>
  <ItemGroup>
    <None Include="res\floor_back.pdn">
      <Filter>Resource Files</Filter>
    </None>
    <None Include="res\Floor_tile.pdn">
      <Filter>Resource Files</Filter>
    </None>
    <None Include="res\template.pdn">
      <Filter>Resource Files</Filter>
    </None>
  </ItemGroup>
</Project>